
Microsoft Visual Studio Solution File, Format Version 12.00
# Visual Studio Version 17
VisualStudioVersion = 17.4.33213.308
MinimumVisualStudioVersion = 10.0.40219.1
Project("{FAE04EC0-301F-11D3-BF4B-00C04F79EFBC}") = "MyFodie", "MyFodie\MyFodie.csproj", "{39B787BB-1C6A-4FAB-9268-2A8E329195F3}"
EndProject
Global
	GlobalSection(SolutionConfigurationPlatforms) = preSolution
		Debug|Any CPU = Debug|Any CPU
		Release|Any CPU = Release|Any CPU
	EndGlobalSection
	GlobalSection(ProjectConfigurationPlatforms) = postSolution
		{39B787BB-1C6A-4FAB-9268-2A8E329195F3}.Debug|Any CPU.ActiveCfg = Debug|Any CPU
		{39B787BB-1C6A-4FAB-9268-2A8E329195F3}.Debug|Any CPU.Build.0 = Debug|Any CPU
		{39B787BB-1C6A-4FAB-9268-2A8E329195F3}.Release|Any CPU.ActiveCfg = Release|Any CPU
		{39B787BB-1C6A-4FAB-9268-2A8E329195F3}.Release|Any CPU.Build.0 = Release|Any CPU
	EndGlobalSection
	GlobalSection(SolutionProperties) = preSolution
		HideSolutionNode = FALSE
	EndGlobalSection
	GlobalSection(ExtensibilityGlobals) = postSolution
		SolutionGuid = {79FBE2EC-3881-49FB-97B7-48067FBE03AE}
	EndGlobalSection
EndGlobal
